
Microsoft Visual Studio Solution File, Format Version 12.00
# Visual Studio Version 17
VisualStudioVersion = 17.0.31903.59
MinimumVisualStudioVersion = 10.0.40219.1
Project("{9A19103F-16F7-4668-BE54-9A1E7A4F7556}") = "Lab1.Task2", "Lab1.Task2\Lab1.Task2.csproj", "{99D425B4-7BB4-486B-B832-666FC9B902E3}"
EndProject
Project("{2150E333-8FDC-42A3-9474-1A3956D46DE8}") = "Lab1", "Lab1", "{970A4C97-C260-4A53-8A27-533735ADDA49}"
EndProject
Project("{9A19103F-16F7-4668-BE54-9A1E7A4F7556}") = "Lab1.Task3", "Lab1.Task3\Lab1.Task3.csproj", "{C51781AA-0325-456C-BB94-2A558610AC13}"
EndProject
Project("{9A19103F-16F7-4668-BE54-9A1E7A4F7556}") = "Lab2.Task1", "Lab2.Task1\Lab2.Task1.csproj", "{C57BDDD4-9BEF-4502-8FF8-58975E37D149}"
EndProject
Project("{9A19103F-16F7-4668-BE54-9A1E7A4F7556}") = "Lab2.Task2", "Lab2.Task2\Lab2.Task2.csproj", "{C739B176-E503-45AF-A3CE-EB68688BA43A}"
EndProject
Project("{9A19103F-16F7-4668-BE54-9A1E7A4F7556}") = "Lab2.Task3", "Lab2.Task3\Lab2.Task3.csproj", "{0208A977-7A16-44A7-BE31-EEAA65E69F60}"
EndProject
Project("{2150E333-8FDC-42A3-9474-1A3956D46DE8}") = "Lab2", "Lab2", "{125F406E-99C0-4484-9F17-A26A6D9F2977}"
EndProject
Project("{9A19103F-16F7-4668-BE54-9A1E7A4F7556}") = "Lab3.Task1", "Lab3.Task1\Lab3.Task1.csproj", "{0928236B-3741-4C45-BFE5-4F090991833D}"
EndProject
Project("{FAE04EC0-301F-11D3-BF4B-00C04F79EFBC}") = "Lab3.Task2", "Lab3.Task2\Lab3.Task2.csproj", "{BFAD8D80-07B6-45C7-B2B6-C7956580580D}"
EndProject
Project("{2150E333-8FDC-42A3-9474-1A3956D46DE8}") = "Lab3", "Lab3", "{6D7673EF-4606-4995-8B86-B051D0C57585}"
EndProject
Project("{9A19103F-16F7-4668-BE54-9A1E7A4F7556}") = "Lab3.Task2.Administrator", "Lab3.Task2.Administrator\Lab3.Task2.Administrator.csproj", "{1374B8E2-BDBE-4478-8A01-9061DCDDCACA}"
EndProject
Project("{9A19103F-16F7-4668-BE54-9A1E7A4F7556}") = "Lab3.Task2.Reader", "Lab3.Task2.Reader\Lab3.Task2.Reader.csproj", "{E29F1C8E-8961-4AD3-96F6-A5CE4338BE01}"
EndProject
Project("{9A19103F-16F7-4668-BE54-9A1E7A4F7556}") = "Lab3.Task2.Writer", "Lab3.Task2.Writer\Lab3.Task2.Writer.csproj", "{92001C33-2D9F-4427-83BA-71E4B83C620A}"
EndProject
Global
	GlobalSection(SolutionConfigurationPlatforms) = preSolution
		Debug|Any CPU = Debug|Any CPU
		Release|Any CPU = Release|Any CPU
	EndGlobalSection
	GlobalSection(ProjectConfigurationPlatforms) = postSolution
		{99D425B4-7BB4-486B-B832-666FC9B902E3}.Debug|Any CPU.ActiveCfg = Debug|Any CPU
		{99D425B4-7BB4-486B-B832-666FC9B902E3}.Debug|Any CPU.Build.0 = Debug|Any CPU
		{99D425B4-7BB4-486B-B832-666FC9B902E3}.Release|Any CPU.ActiveCfg = Release|Any CPU
		{99D425B4-7BB4-486B-B832-666FC9B902E3}.Release|Any CPU.Build.0 = Release|Any CPU
		{C51781AA-0325-456C-BB94-2A558610AC13}.Debug|Any CPU.ActiveCfg = Debug|Any CPU
		{C51781AA-0325-456C-BB94-2A558610AC13}.Debug|Any CPU.Build.0 = Debug|Any CPU
		{C51781AA-0325-456C-BB94-2A558610AC13}.Release|Any CPU.ActiveCfg = Release|Any CPU
		{C51781AA-0325-456C-BB94-2A558610AC13}.Release|Any CPU.Build.0 = Release|Any CPU
		{C57BDDD4-9BEF-4502-8FF8-58975E37D149}.Debug|Any CPU.ActiveCfg = Debug|Any CPU
		{C57BDDD4-9BEF-4502-8FF8-58975E37D149}.Debug|Any CPU.Build.0 = Debug|Any CPU
		{C57BDDD4-9BEF-4502-8FF8-58975E37D149}.Release|Any CPU.ActiveCfg = Release|Any CPU
		{C57BDDD4-9BEF-4502-8FF8-58975E37D149}.Release|Any CPU.Build.0 = Release|Any CPU
		{C739B176-E503-45AF-A3CE-EB68688BA43A}.Debug|Any CPU.ActiveCfg = Debug|Any CPU
		{C739B176-E503-45AF-A3CE-EB68688BA43A}.Debug|Any CPU.Build.0 = Debug|Any CPU
		{C739B176-E503-45AF-A3CE-EB68688BA43A}.Release|Any CPU.ActiveCfg = Release|Any CPU
		{C739B176-E503-45AF-A3CE-EB68688BA43A}.Release|Any CPU.Build.0 = Release|Any CPU
		{0208A977-7A16-44A7-BE31-EEAA65E69F60}.Debug|Any CPU.ActiveCfg = Debug|Any CPU
		{0208A977-7A16-44A7-BE31-EEAA65E69F60}.Debug|Any CPU.Build.0 = Debug|Any CPU
		{0208A977-7A16-44A7-BE31-EEAA65E69F60}.Release|Any CPU.ActiveCfg = Release|Any CPU
		{0208A977-7A16-44A7-BE31-EEAA65E69F60}.Release|Any CPU.Build.0 = Release|Any CPU
		{0928236B-3741-4C45-BFE5-4F090991833D}.Debug|Any CPU.ActiveCfg = Debug|Any CPU
		{0928236B-3741-4C45-BFE5-4F090991833D}.Debug|Any CPU.Build.0 = Debug|Any CPU
		{0928236B-3741-4C45-BFE5-4F090991833D}.Release|Any CPU.ActiveCfg = Release|Any CPU
		{0928236B-3741-4C45-BFE5-4F090991833D}.Release|Any CPU.Build.0 = Release|Any CPU
		{BFAD8D80-07B6-45C7-B2B6-C7956580580D}.Debug|Any CPU.ActiveCfg = Debug|Any CPU
		{BFAD8D80-07B6-45C7-B2B6-C7956580580D}.Debug|Any CPU.Build.0 = Debug|Any CPU
		{BFAD8D80-07B6-45C7-B2B6-C7956580580D}.Release|Any CPU.ActiveCfg = Release|Any CPU
		{BFAD8D80-07B6-45C7-B2B6-C7956580580D}.Release|Any CPU.Build.0 = Release|Any CPU
		{1374B8E2-BDBE-4478-8A01-9061DCDDCACA}.Debug|Any CPU.ActiveCfg = Debug|Any CPU
		{1374B8E2-BDBE-4478-8A01-9061DCDDCACA}.Debug|Any CPU.Build.0 = Debug|Any CPU
		{1374B8E2-BDBE-4478-8A01-9061DCDDCACA}.Release|Any CPU.ActiveCfg = Release|Any CPU
		{1374B8E2-BDBE-4478-8A01-9061DCDDCACA}.Release|Any CPU.Build.0 = Release|Any CPU
		{E29F1C8E-8961-4AD3-96F6-A5CE4338BE01}.Debug|Any CPU.ActiveCfg = Debug|Any CPU
		{E29F1C8E-8961-4AD3-96F6-A5CE4338BE01}.Debug|Any CPU.Build.0 = Debug|Any CPU
		{E29F1C8E-8961-4AD3-96F6-A5CE4338BE01}.Release|Any CPU.ActiveCfg = Release|Any CPU
		{E29F1C8E-8961-4AD3-96F6-A5CE4338BE01}.Release|Any CPU.Build.0 = Release|Any CPU
		{92001C33-2D9F-4427-83BA-71E4B83C620A}.Debug|Any CPU.ActiveCfg = Debug|Any CPU
		{92001C33-2D9F-4427-83BA-71E4B83C620A}.Debug|Any CPU.Build.0 = Debug|Any CPU
		{92001C33-2D9F-4427-83BA-71E4B83C620A}.Release|Any CPU.ActiveCfg = Release|Any CPU
		{92001C33-2D9F-4427-83BA-71E4B83C620A}.Release|Any CPU.Build.0 = Release|Any CPU
	EndGlobalSection
	GlobalSection(SolutionProperties) = preSolution
		HideSolutionNode = FALSE
	EndGlobalSection
	GlobalSection(NestedProjects) = preSolution
		{99D425B4-7BB4-486B-B832-666FC9B902E3} = {970A4C97-C260-4A53-8A27-533735ADDA49}
		{C51781AA-0325-456C-BB94-2A558610AC13} = {970A4C97-C260-4A53-8A27-533735ADDA49}
		{C57BDDD4-9BEF-4502-8FF8-58975E37D149} = {125F406E-99C0-4484-9F17-A26A6D9F2977}
		{C739B176-E503-45AF-A3CE-EB68688BA43A} = {125F406E-99C0-4484-9F17-A26A6D9F2977}
		{0208A977-7A16-44A7-BE31-EEAA65E69F60} = {125F406E-99C0-4484-9F17-A26A6D9F2977}
		{0928236B-3741-4C45-BFE5-4F090991833D} = {6D7673EF-4606-4995-8B86-B051D0C57585}
		{BFAD8D80-07B6-45C7-B2B6-C7956580580D} = {6D7673EF-4606-4995-8B86-B051D0C57585}
		{1374B8E2-BDBE-4478-8A01-9061DCDDCACA} = {6D7673EF-4606-4995-8B86-B051D0C57585}
		{E29F1C8E-8961-4AD3-96F6-A5CE4338BE01} = {6D7673EF-4606-4995-8B86-B051D0C57585}
		{92001C33-2D9F-4427-83BA-71E4B83C620A} = {6D7673EF-4606-4995-8B86-B051D0C57585}
	EndGlobalSection
	GlobalSection(ExtensibilityGlobals) = postSolution
		SolutionGuid = {69B437CA-66AA-4A9B-82DF-1E39CDD2111E}
	EndGlobalSection
EndGlobal
